{
  "name": "haskell-validation-curse-js-implementation",
  "version": "1.0.0",
  "lockfileVersion": 1,
  "requires": true,
  "dependencies": {
    "daggy": {
      "version": "1.4.0",
      "resolved": "https://globaldevtools.bbva.com:443/artifactory/api/npm/npm-repo/daggy/-/daggy-1.4.0.tgz",
      "integrity": "sha1-F4tHIoZuHI+se5HUu/Fx03Z8FXM=",
      "requires": {
        "sanctuary-type-classes": "3.0.0",
        "sanctuary-type-identifiers": "1.0.0"
      }
    },
    "ramda": {
      "version": "0.26.1",
      "resolved": "https://globaldevtools.bbva.com:443/artifactory/api/npm/npm-repo/ramda/-/ramda-0.26.1.tgz",
      "integrity": "sha1-jUE1HrgRHFU1Nhf8O7/62OTTXQY="
    },
    "sanctuary-type-classes": {
      "version": "3.0.0",
      "resolved": "https://globaldevtools.bbva.com:443/artifactory/api/npm/npm-repo/sanctuary-type-classes/-/sanctuary-type-classes-3.0.0.tgz",
      "integrity": "sha1-5M9CKrzrjHi29iXYTWH9tcbUQRY=",
      "requires": {
        "sanctuary-type-identifiers": "1.0.x"
      }
    },
    "sanctuary-type-identifiers": {
      "version": "1.0.0",
      "resolved": "https://globaldevtools.bbva.com:443/artifactory/api/npm/npm-repo/sanctuary-type-identifiers/-/sanctuary-type-identifiers-1.0.0.tgz",
      "integrity": "sha1-6PNZ8AbLXmJM+4RkYD/BFGCL3p8="
    }
  }
}
